
Microsoft Visual Studio Solution File, Format Version 12.00
# Visual Studio 15
Project("{FAE04EC0-301F-11D3-BF4B-00C04F79EFBC}") = "entregavelUC4", "entregavelUC4.csproj", "{3BA28C91-3494-47BF-AD49-0794AE481DFF}"
EndProject
Global
	GlobalSection(SolutionConfigurationPlatforms) = preSolution
		Debug|Any CPU = Debug|Any CPU
		Release|Any CPU = Release|Any CPU
	EndGlobalSection
	GlobalSection(ProjectConfigurationPlatforms) = postSolution
		{3BA28C91-3494-47BF-AD49-0794AE481DFF}.Debug|Any CPU.ActiveCfg = Debug|Any CPU
		{3BA28C91-3494-47BF-AD49-0794AE481DFF}.Debug|Any CPU.Build.0 = Debug|Any CPU
		{3BA28C91-3494-47BF-AD49-0794AE481DFF}.Release|Any CPU.ActiveCfg = Release|Any CPU
		{3BA28C91-3494-47BF-AD49-0794AE481DFF}.Release|Any CPU.Build.0 = Release|Any CPU
	EndGlobalSection
EndGlobal
